{
  "name": "scripts",
  "lockfileVersion": 3,
  "requires": true,
  "packages": {
    "": {
      "dependencies": {
        "crobe-sdk": "^0.4.0"
      }
    },
    "node_modules/crobe-sdk": {
      "version": "0.4.0",
      "resolved": "https://registry.npmjs.org/crobe-sdk/-/crobe-sdk-0.4.0.tgz",
      "integrity": "sha512-N5/p+5SQDTIdixqac7kxMA9zUJ/HH7XmDW+ZmRZ7WCNYsk0OQLaabxcgOdZIxHmuZoi2Jxzsj0qfowglERMqpA==",
      "license": "MIT"
    }
  }
}
